
Microsoft Visual Studio Solution File, Format Version 12.00
# Visual Studio 15
VisualStudioVersion = 15.0.27130.2036
MinimumVisualStudioVersion = 10.0.40219.1
Project("{8BC9CEB8-8B4A-11D0-8D11-00A0C91BC942}") = "proj06", "proj06\proj06.vcxproj", "{B232927D-7876-4FA7-A50E-ACF07AAEB25D}"
EndProject
Global
	GlobalSection(SolutionConfigurationPlatforms) = preSolution
		Debug|x64 = Debug|x64
		Debug|x86 = Debug|x86
		Release|x64 = Release|x64
		Release|x86 = Release|x86
	EndGlobalSection
	GlobalSection(ProjectConfigurationPlatforms) = postSolution
		{B232927D-7876-4FA7-A50E-ACF07AAEB25D}.Debug|x64.ActiveCfg = Debug|x64
		{B232927D-7876-4FA7-A50E-ACF07AAEB25D}.Debug|x64.Build.0 = Debug|x64
		{B232927D-7876-4FA7-A50E-ACF07AAEB25D}.Debug|x86.ActiveCfg = Debug|Win32
		{B232927D-7876-4FA7-A50E-ACF07AAEB25D}.Debug|x86.Build.0 = Debug|Win32
		{B232927D-7876-4FA7-A50E-ACF07AAEB25D}.Release|x64.ActiveCfg = Release|x64
		{B232927D-7876-4FA7-A50E-ACF07AAEB25D}.Release|x64.Build.0 = Release|x64
		{B232927D-7876-4FA7-A50E-ACF07AAEB25D}.Release|x86.ActiveCfg = Release|Win32
		{B232927D-7876-4FA7-A50E-ACF07AAEB25D}.Release|x86.Build.0 = Release|Win32
	EndGlobalSection
	GlobalSection(SolutionProperties) = preSolution
		HideSolutionNode = FALSE
	EndGlobalSection
	GlobalSection(ExtensibilityGlobals) = postSolution
		SolutionGuid = {8A3AA4CB-FB60-4070-BFE7-F2A578381672}
	EndGlobalSection
EndGlobal
